// !$*UTF8*$!
{
	archiveVersion = 1;
	classes = {
	};
	objectVersion = 50;
	objects = {

/* Begin PBXBuildFile section */
		D71C5369237F8EEF009FF41D /* AppDelegate.m in Sources */ = {isa = PBXBuildFile; fileRef = D71C5368237F8EEF009FF41D /* AppDelegate.m */; };
		D71C536C237F8EEF009FF41D /* SceneDelegate.m in Sources */ = {isa = PBXBuildFile; fileRef = D71C536B237F8EEF009FF41D /* SceneDelegate.m */; };
		D71C5372237F8EEF009FF41D /* Main.storyboard in Resources */ = {isa = PBXBuildFile; fileRef = D71C5370237F8EEF009FF41D /* Main.storyboard */; };
		D71C5374237F8EF1009FF41D /* Assets.xcassets in Resources */ = {isa = PBXBuildFile; fileRef = D71C5373237F8EF1009FF41D /* Assets.xcassets */; };
		D71C5377237F8EF1009FF41D /* LaunchScreen.storyboard in Resources */ = {isa = PBXBuildFile; fileRef = D71C5375237F8EF1009FF41D /* LaunchScreen.storyboard */; };
		D71C537A237F8EF1009FF41D /* main.m in Sources */ = {isa = PBXBuildFile; fileRef = D71C5379237F8EF1009FF41D /* main.m */; };
		D71C5384237F8EF1009FF41D /* TestTests.m in Sources */ = {isa = PBXBuildFile; fileRef = D71C5383237F8EF1009FF41D /* TestTests.m */; };
		D71C538F237F8EF1009FF41D /* TestUITests.m in Sources */ = {isa = PBXBuildFile; fileRef = D71C538E237F8EF1009FF41D /* TestUITests.m */; };
		D76EFCDD237FEE290022553C /* SmallTableViewCell.m in Sources */ = {isa = PBXBuildFile; fileRef = D76EFCDC237FEE290022553C /* SmallTableViewCell.m */; };
		D7CCAB922380AC9D00C16BE2 /* NSLayoutConstraint+MASDebugAdditions.m in Sources */ = {isa = PBXBuildFile; fileRef = D7CCAB792380AC9D00C16BE2 /* NSLayoutConstraint+MASDebugAdditions.m */; };
		D7CCAB932380AC9D00C16BE2 /* ViewController+MASAdditions.m in Sources */ = {isa = PBXBuildFile; fileRef = D7CCAB822380AC9D00C16BE2 /* ViewController+MASAdditions.m */; };
		D7CCAB942380AC9D00C16BE2 /* MASCompositeConstraint.m in Sources */ = {isa = PBXBuildFile; fileRef = D7CCAB862380AC9D00C16BE2 /* MASCompositeConstraint.m */; };
		D7CCAB952380AC9D00C16BE2 /* MASConstraintMaker.m in Sources */ = {isa = PBXBuildFile; fileRef = D7CCAB872380AC9D00C16BE2 /* MASConstraintMaker.m */; };
		D7CCAB962380AC9D00C16BE2 /* MASLayoutConstraint.m in Sources */ = {isa = PBXBuildFile; fileRef = D7CCAB882380AC9D00C16BE2 /* MASLayoutConstraint.m */; };
		D7CCAB972380AC9D00C16BE2 /* NSArray+MASAdditions.m in Sources */ = {isa = PBXBuildFile; fileRef = D7CCAB892380AC9D00C16BE2 /* NSArray+MASAdditions.m */; };
		D7CCAB982380AC9D00C16BE2 /* View+MASAdditions.m in Sources */ = {isa = PBXBuildFile; fileRef = D7CCAB8A2380AC9D00C16BE2 /* View+MASAdditions.m */; };
		D7CCAB992380AC9D00C16BE2 /* MASConstraint.m in Sources */ = {isa = PBXBuildFile; fileRef = D7CCAB8D2380AC9D00C16BE2 /* MASConstraint.m */; };
		D7CCAB9A2380AC9D00C16BE2 /* MASViewConstraint.m in Sources */ = {isa = PBXBuildFile; fileRef = D7CCAB8F2380AC9D00C16BE2 /* MASViewConstraint.m */; };
		D7CCAB9B2380AC9D00C16BE2 /* MASViewAttribute.m in Sources */ = {isa = PBXBuildFile; fileRef = D7CCAB902380AC9D00C16BE2 /* MASViewAttribute.m */; };
		D7CCAB9C2380AC9D00C16BE2 /* Info.plist in Resources */ = {isa = PBXBuildFile; fileRef = D7CCAB912380AC9D00C16BE2 /* Info.plist */; };
		D7F56960237FCEF70022053B /* MainViewController.m in Sources */ = {isa = PBXBuildFile; fileRef = D7F5695F237FCEF70022053B /* MainViewController.m */; };
		D7F56966237FD2E10022053B /* FirstViewController.m in Sources */ = {isa = PBXBuildFile; fileRef = D7F56965237FD2E10022053B /* FirstViewController.m */; };
		D7F56969237FD9CB0022053B /* SmallView.m in Sources */ = {isa = PBXBuildFile; fileRef = D7F56968237FD9CB0022053B /* SmallView.m */; };
		D7F5696C237FDEBF0022053B /* PullView.m in Sources */ = {isa = PBXBuildFile; fileRef = D7F5696B237FDEBF0022053B /* PullView.m */; };
		D7F5696F237FE4E80022053B /* MapView.m in Sources */ = {isa = PBXBuildFile; fileRef = D7F5696E237FE4E80022053B /* MapView.m */; };
/* End PBXBuildFile section */

/* Begin PBXContainerItemProxy section */
		D71C5380237F8EF1009FF41D /* PBXContainerItemProxy */ = {
			isa = PBXContainerItemProxy;
			containerPortal = D71C535C237F8EEF009FF41D /* Project object */;
			proxyType = 1;
			remoteGlobalIDString = D71C5363237F8EEF009FF41D;
			remoteInfo = Test;
		};
		D71C538B237F8EF1009FF41D /* PBXContainerItemProxy */ = {
			isa = PBXContainerItemProxy;
			containerPortal = D71C535C237F8EEF009FF41D /* Project object */;
			proxyType = 1;
			remoteGlobalIDString = D71C5363237F8EEF009FF41D;
			remoteInfo = Test;
		};
/* End PBXContainerItemProxy section */

/* Begin PBXFileReference section */
		D71C5364237F8EEF009FF41D /* Test.app */ = {isa = PBXFileReference; explicitFileType = wrapper.application; includeInIndex = 0; path = Test.app; sourceTree = BUILT_PRODUCTS_DIR; };
		D71C5367237F8EEF009FF41D /* AppDelegate.h */ = {isa = PBXFileReference; lastKnownFileType = sourcecode.c.h; path = AppDelegate.h; sourceTree = "<group>"; };
		D71C5368237F8EEF009FF41D /* AppDelegate.m */ = {isa = PBXFileReference; lastKnownFileType = sourcecode.c.objc; path = AppDelegate.m; sourceTree = "<group>"; };
		D71C536A237F8EEF009FF41D /* SceneDelegate.h */ = {isa = PBXFileReference; lastKnownFileType = sourcecode.c.h; path = SceneDelegate.h; sourceTree = "<group>"; };
		D71C536B237F8EEF009FF41D /* SceneDelegate.m */ = {isa = PBXFileReference; lastKnownFileType = sourcecode.c.objc; path = SceneDelegate.m; sourceTree = "<group>"; };
		D71C5371237F8EEF009FF41D /* Base */ = {isa = PBXFileReference; lastKnownFileType = file.storyboard; name = Base; path = Base.lproj/Main.storyboard; sourceTree = "<group>"; };
		D71C5373237F8EF1009FF41D /* Assets.xcassets */ = {isa = PBXFileReference; lastKnownFileType = folder.assetcatalog; path = Assets.xcassets; sourceTree = "<group>"; };
		D71C5376237F8EF1009FF41D /* Base */ = {isa = PBXFileReference; lastKnownFileType = file.storyboard; name = Base; path = Base.lproj/LaunchScreen.storyboard; sourceTree = "<group>"; };
		D71C5378237F8EF1009FF41D /* Info.plist */ = {isa = PBXFileReference; lastKnownFileType = text.plist.xml; path = Info.plist; sourceTree = "<group>"; };
		D71C5379237F8EF1009FF41D /* main.m */ = {isa = PBXFileReference; lastKnownFileType = sourcecode.c.objc; path = main.m; sourceTree = "<group>"; };
		D71C537F237F8EF1009FF41D /* TestTests.xctest */ = {isa = PBXFileReference; explicitFileType = wrapper.cfbundle; includeInIndex = 0; path = TestTests.xctest; sourceTree = BUILT_PRODUCTS_DIR; };
		D71C5383237F8EF1009FF41D /* TestTests.m */ = {isa = PBXFileReference; lastKnownFileType = sourcecode.c.objc; path = TestTests.m; sourceTree = "<group>"; };
		D71C5385237F8EF1009FF41D /* Info.plist */ = {isa = PBXFileReference; lastKnownFileType = text.plist.xml; path = Info.plist; sourceTree = "<group>"; };
		D71C538A237F8EF1009FF41D /* TestUITests.xctest */ = {isa = PBXFileReference; explicitFileType = wrapper.cfbundle; includeInIndex = 0; path = TestUITests.xctest; sourceTree = BUILT_PRODUCTS_DIR; };
		D71C538E237F8EF1009FF41D /* TestUITests.m */ = {isa = PBXFileReference; lastKnownFileType = sourcecode.c.objc; path = TestUITests.m; sourceTree = "<group>"; };
		D71C5390237F8EF1009FF41D /* Info.plist */ = {isa = PBXFileReference; lastKnownFileType = text.plist.xml; path = Info.plist; sourceTree = "<group>"; };
		D76EFCDB237FEE290022553C /* SmallTableViewCell.h */ = {isa = PBXFileReference; lastKnownFileType = sourcecode.c.h; path = SmallTableViewCell.h; sourceTree = "<group>"; };
		D76EFCDC237FEE290022553C /* SmallTableViewCell.m */ = {isa = PBXFileReference; lastKnownFileType = sourcecode.c.objc; path = SmallTableViewCell.m; sourceTree = "<group>"; };
		D7CCAB782380AC9D00C16BE2 /* MASCompositeConstraint.h */ = {isa = PBXFileReference; fileEncoding = 4; lastKnownFileType = sourcecode.c.h; path = MASCompositeConstraint.h; sourceTree = "<group>"; };
		D7CCAB792380AC9D00C16BE2 /* NSLayoutConstraint+MASDebugAdditions.m */ = {isa = PBXFileReference; fileEncoding = 4; lastKnownFileType = sourcecode.c.objc; path = "NSLayoutConstraint+MASDebugAdditions.m"; sourceTree = "<group>"; };
		D7CCAB7A2380AC9D00C16BE2 /* MASConstraint+Private.h */ = {isa = PBXFileReference; fileEncoding = 4; lastKnownFileType = sourcecode.c.h; path = "MASConstraint+Private.h"; sourceTree = "<group>"; };
		D7CCAB7B2380AC9D00C16BE2 /* MASLayoutConstraint.h */ = {isa = PBXFileReference; fileEncoding = 4; lastKnownFileType = sourcecode.c.h; path = MASLayoutConstraint.h; sourceTree = "<group>"; };
		D7CCAB7C2380AC9D00C16BE2 /* NSArray+MASShorthandAdditions.h */ = {isa = PBXFileReference; fileEncoding = 4; lastKnownFileType = sourcecode.c.h; path = "NSArray+MASShorthandAdditions.h"; sourceTree = "<group>"; };
		D7CCAB7D2380AC9D00C16BE2 /* MASConstraintMaker.h */ = {isa = PBXFileReference; fileEncoding = 4; lastKnownFileType = sourcecode.c.h; path = MASConstraintMaker.h; sourceTree = "<group>"; };
		D7CCAB7E2380AC9D00C16BE2 /* View+MASAdditions.h */ = {isa = PBXFileReference; fileEncoding = 4; lastKnownFileType = sourcecode.c.h; path = "View+MASAdditions.h"; sourceTree = "<group>"; };
		D7CCAB7F2380AC9D00C16BE2 /* NSArray+MASAdditions.h */ = {isa = PBXFileReference; fileEncoding = 4; lastKnownFileType = sourcecode.c.h; path = "NSArray+MASAdditions.h"; sourceTree = "<group>"; };
		D7CCAB802380AC9D00C16BE2 /* MASUtilities.h */ = {isa = PBXFileReference; fileEncoding = 4; lastKnownFileType = sourcecode.c.h; path = MASUtilities.h; sourceTree = "<group>"; };
		D7CCAB812380AC9D00C16BE2 /* MASViewAttribute.h */ = {isa = PBXFileReference; fileEncoding = 4; lastKnownFileType = sourcecode.c.h; path = MASViewAttribute.h; sourceTree = "<group>"; };
		D7CCAB822380AC9D00C16BE2 /* ViewController+MASAdditions.m */ = {isa = PBXFileReference; fileEncoding = 4; lastKnownFileType = sourcecode.c.objc; path = "ViewController+MASAdditions.m"; sourceTree = "<group>"; };
		D7CCAB832380AC9D00C16BE2 /* MASViewConstraint.h */ = {isa = PBXFileReference; fileEncoding = 4; lastKnownFileType = sourcecode.c.h; path = MASViewConstraint.h; sourceTree = "<group>"; };
		D7CCAB842380AC9D00C16BE2 /* MASConstraint.h */ = {isa = PBXFileReference; fileEncoding = 4; lastKnownFileType = sourcecode.c.h; path = MASConstraint.h; sourceTree = "<group>"; };
		D7CCAB852380AC9D00C16BE2 /* NSLayoutConstraint+MASDebugAdditions.h */ = {isa = PBXFileReference; fileEncoding = 4; lastKnownFileType = sourcecode.c.h; path = "NSLayoutConstraint+MASDebugAdditions.h"; sourceTree = "<group>"; };
		D7CCAB862380AC9D00C16BE2 /* MASCompositeConstraint.m */ = {isa = PBXFileReference; fileEncoding = 4; lastKnownFileType = sourcecode.c.objc; path = MASCompositeConstraint.m; sourceTree = "<group>"; };
		D7CCAB872380AC9D00C16BE2 /* MASConstraintMaker.m */ = {isa = PBXFileReference; fileEncoding = 4; lastKnownFileType = sourcecode.c.objc; path = MASConstraintMaker.m; sourceTree = "<group>"; };
		D7CCAB882380AC9D00C16BE2 /* MASLayoutConstraint.m */ = {isa = PBXFileReference; fileEncoding = 4; lastKnownFileType = sourcecode.c.objc; path = MASLayoutConstraint.m; sourceTree = "<group>"; };
		D7CCAB892380AC9D00C16BE2 /* NSArray+MASAdditions.m */ = {isa = PBXFileReference; fileEncoding = 4; lastKnownFileType = sourcecode.c.objc; path = "NSArray+MASAdditions.m"; sourceTree = "<group>"; };
		D7CCAB8A2380AC9D00C16BE2 /* View+MASAdditions.m */ = {isa = PBXFileReference; fileEncoding = 4; lastKnownFileType = sourcecode.c.objc; path = "View+MASAdditions.m"; sourceTree = "<group>"; };
		D7CCAB8B2380AC9D00C16BE2 /* View+MASShorthandAdditions.h */ = {isa = PBXFileReference; fileEncoding = 4; lastKnownFileType = sourcecode.c.h; path = "View+MASShorthandAdditions.h"; sourceTree = "<group>"; };
		D7CCAB8C2380AC9D00C16BE2 /* Masonry.h */ = {isa = PBXFileReference; fileEncoding = 4; lastKnownFileType = sourcecode.c.h; path = Masonry.h; sourceTree = "<group>"; };
		D7CCAB8D2380AC9D00C16BE2 /* MASConstraint.m */ = {isa = PBXFileReference; fileEncoding = 4; lastKnownFileType = sourcecode.c.objc; path = MASConstraint.m; sourceTree = "<group>"; };
		D7CCAB8E2380AC9D00C16BE2 /* ViewController+MASAdditions.h */ = {isa = PBXFileReference; fileEncoding = 4; lastKnownFileType = sourcecode.c.h; path = "ViewController+MASAdditions.h"; sourceTree = "<group>"; };
		D7CCAB8F2380AC9D00C16BE2 /* MASViewConstraint.m */ = {isa = PBXFileReference; fileEncoding = 4; lastKnownFileType = sourcecode.c.objc; path = MASViewConstraint.m; sourceTree = "<group>"; };
		D7CCAB902380AC9D00C16BE2 /* MASViewAttribute.m */ = {isa = PBXFileReference; fileEncoding = 4; lastKnownFileType = sourcecode.c.objc; path = MASViewAttribute.m; sourceTree = "<group>"; };
		D7CCAB912380AC9D00C16BE2 /* Info.plist */ = {isa = PBXFileReference; fileEncoding = 4; lastKnownFileType = text.plist.xml; path = Info.plist; sourceTree = "<group>"; };
		D7F5695E237FCEF70022053B /* MainViewController.h */ = {isa = PBXFileReference; lastKnownFileType = sourcecode.c.h; path = MainViewController.h; sourceTree = "<group>"; };
		D7F5695F237FCEF70022053B /* MainViewController.m */ = {isa = PBXFileReference; lastKnownFileType = sourcecode.c.objc; path = MainViewController.m; sourceTree = "<group>"; };
		D7F56964237FD2E10022053B /* FirstViewController.h */ = {isa = PBXFileReference; lastKnownFileType = sourcecode.c.h; path = FirstViewController.h; sourceTree = "<group>"; };
		D7F56965237FD2E10022053B /* FirstViewController.m */ = {isa = PBXFileReference; lastKnownFileType = sourcecode.c.objc; path = FirstViewController.m; sourceTree = "<group>"; };
		D7F56967237FD9CB0022053B /* SmallView.h */ = {isa = PBXFileReference; lastKnownFileType = sourcecode.c.h; path = SmallView.h; sourceTree = "<group>"; };
		D7F56968237FD9CB0022053B /* SmallView.m */ = {isa = PBXFileReference; lastKnownFileType = sourcecode.c.objc; path = SmallView.m; sourceTree = "<group>"; };
		D7F5696A237FDEBF0022053B /* PullView.h */ = {isa = PBXFileReference; lastKnownFileType = sourcecode.c.h; path = PullView.h; sourceTree = "<group>"; };
		D7F5696B237FDEBF0022053B /* PullView.m */ = {isa = PBXFileReference; lastKnownFileType = sourcecode.c.objc; path = PullView.m; sourceTree = "<group>"; };
		D7F5696D237FE4E80022053B /* MapView.h */ = {isa = PBXFileReference; lastKnownFileType = sourcecode.c.h; path = MapView.h; sourceTree = "<group>"; };
		D7F5696E237FE4E80022053B /* MapView.m */ = {isa = PBXFileReference; lastKnownFileType = sourcecode.c.objc; path = MapView.m; sourceTree = "<group>"; };
/* End PBXFileReference section */

/* Begin PBXFrameworksBuildPhase section */
		D71C5361237F8EEF009FF41D /* Frameworks */ = {
			isa = PBXFrameworksBuildPhase;
			buildActionMask = 2147483647;
			files = (
			);
			runOnlyForDeploymentPostprocessing = 0;
		};
		D71C537C237F8EF1009FF41D /* Frameworks */ = {
			isa = PBXFrameworksBuildPhase;
			buildActionMask = 2147483647;
			files = (
			);
			runOnlyForDeploymentPostprocessing = 0;
		};
		D71C5387237F8EF1009FF41D /* Frameworks */ = {
			isa = PBXFrameworksBuildPhase;
			buildActionMask = 2147483647;
			files = (
			);
			runOnlyForDeploymentPostprocessing = 0;
		};
/* End PBXFrameworksBuildPhase section */

/* Begin PBXGroup section */
		D71C535B237F8EEF009FF41D = {
			isa = PBXGroup;
			children = (
				D71C5366237F8EEF009FF41D /* Test */,
				D71C5382237F8EF1009FF41D /* TestTests */,
				D71C538D237F8EF1009FF41D /* TestUITests */,
				D71C5365237F8EEF009FF41D /* Products */,
			);
			sourceTree = "<group>";
		};
		D71C5365237F8EEF009FF41D /* Products */ = {
			isa = PBXGroup;
			children = (
				D71C5364237F8EEF009FF41D /* Test.app */,
				D71C537F237F8EF1009FF41D /* TestTests.xctest */,
				D71C538A237F8EF1009FF41D /* TestUITests.xctest */,
			);
			name = Products;
			sourceTree = "<group>";
		};
		D71C5366237F8EEF009FF41D /* Test */ = {
			isa = PBXGroup;
			children = (
				D7CCAB772380AC9D00C16BE2 /* Masonry */,
				D71C5367237F8EEF009FF41D /* AppDelegate.h */,
				D71C5368237F8EEF009FF41D /* AppDelegate.m */,
				D71C536A237F8EEF009FF41D /* SceneDelegate.h */,
				D71C536B237F8EEF009FF41D /* SceneDelegate.m */,
				D7F5695E237FCEF70022053B /* MainViewController.h */,
				D7F5695F237FCEF70022053B /* MainViewController.m */,
				D7F56964237FD2E10022053B /* FirstViewController.h */,
				D7F56965237FD2E10022053B /* FirstViewController.m */,
				D7F5696D237FE4E80022053B /* MapView.h */,
				D7F5696E237FE4E80022053B /* MapView.m */,
				D7F56967237FD9CB0022053B /* SmallView.h */,
				D7F56968237FD9CB0022053B /* SmallView.m */,
				D7F5696A237FDEBF0022053B /* PullView.h */,
				D7F5696B237FDEBF0022053B /* PullView.m */,
				D76EFCDB237FEE290022553C /* SmallTableViewCell.h */,
				D76EFCDC237FEE290022553C /* SmallTableViewCell.m */,
				D71C5370237F8EEF009FF41D /* Main.storyboard */,
				D71C5373237F8EF1009FF41D /* Assets.xcassets */,
				D71C5375237F8EF1009FF41D /* LaunchScreen.storyboard */,
				D71C5378237F8EF1009FF41D /* Info.plist */,
				D71C5379237F8EF1009FF41D /* main.m */,
			);
			path = Test;
			sourceTree = "<group>";
		};
		D71C5382237F8EF1009FF41D /* TestTests */ = {
			isa = PBXGroup;
			children = (
				D71C5383237F8EF1009FF41D /* TestTests.m */,
				D71C5385237F8EF1009FF41D /* Info.plist */,
			);
			path = TestTests;
			sourceTree = "<group>";
		};
		D71C538D237F8EF1009FF41D /* TestUITests */ = {
			isa = PBXGroup;
			children = (
				D71C538E237F8EF1009FF41D /* TestUITests.m */,
				D71C5390237F8EF1009FF41D /* Info.plist */,
			);
			path = TestUITests;
			sourceTree = "<group>";
		};
		D7CCAB772380AC9D00C16BE2 /* Masonry */ = {
			isa = PBXGroup;
			children = (
				D7CCAB782380AC9D00C16BE2 /* MASCompositeConstraint.h */,
				D7CCAB792380AC9D00C16BE2 /* NSLayoutConstraint+MASDebugAdditions.m */,
				D7CCAB7A2380AC9D00C16BE2 /* MASConstraint+Private.h */,
				D7CCAB7B2380AC9D00C16BE2 /* MASLayoutConstraint.h */,
				D7CCAB7C2380AC9D00C16BE2 /* NSArray+MASShorthandAdditions.h */,
				D7CCAB7D2380AC9D00C16BE2 /* MASConstraintMaker.h */,
				D7CCAB7E2380AC9D00C16BE2 /* View+MASAdditions.h */,
				D7CCAB7F2380AC9D00C16BE2 /* NSArray+MASAdditions.h */,
				D7CCAB802380AC9D00C16BE2 /* MASUtilities.h */,
				D7CCAB812380AC9D00C16BE2 /* MASViewAttribute.h */,
				D7CCAB822380AC9D00C16BE2 /* ViewController+MASAdditions.m */,
				D7CCAB832380AC9D00C16BE2 /* MASViewConstraint.h */,
				D7CCAB842380AC9D00C16BE2 /* MASConstraint.h */,
				D7CCAB852380AC9D00C16BE2 /* NSLayoutConstraint+MASDebugAdditions.h */,
				D7CCAB862380AC9D00C16BE2 /* MASCompositeConstraint.m */,
				D7CCAB872380AC9D00C16BE2 /* MASConstraintMaker.m */,
				D7CCAB882380AC9D00C16BE2 /* MASLayoutConstraint.m */,
				D7CCAB892380AC9D00C16BE2 /* NSArray+MASAdditions.m */,
				D7CCAB8A2380AC9D00C16BE2 /* View+MASAdditions.m */,
				D7CCAB8B2380AC9D00C16BE2 /* View+MASShorthandAdditions.h */,
				D7CCAB8C2380AC9D00C16BE2 /* Masonry.h */,
				D7CCAB8D2380AC9D00C16BE2 /* MASConstraint.m */,
				D7CCAB8E2380AC9D00C16BE2 /* ViewController+MASAdditions.h */,
				D7CCAB8F2380AC9D00C16BE2 /* MASViewConstraint.m */,
				D7CCAB902380AC9D00C16BE2 /* MASViewAttribute.m */,
				D7CCAB912380AC9D00C16BE2 /* Info.plist */,
			);
			path = Masonry;
			sourceTree = "<group>";
		};
/* End PBXGroup section */

/* Begin PBXNativeTarget section */
		D71C5363237F8EEF009FF41D /* Test */ = {
			isa = PBXNativeTarget;
			buildConfigurationList = D71C5393237F8EF1009FF41D /* Build configuration list for PBXNativeTarget "Test" */;
			buildPhases = (
				D71C5360237F8EEF009FF41D /* Sources */,
				D71C5361237F8EEF009FF41D /* Frameworks */,
				D71C5362237F8EEF009FF41D /* Resources */,
			);
			buildRules = (
			);
			dependencies = (
			);
			name = Test;
			productName = Test;
			productReference = D71C5364237F8EEF009FF41D /* Test.app */;
			productType = "com.apple.product-type.application";
		};
		D71C537E237F8EF1009FF41D /* TestTests */ = {
			isa = PBXNativeTarget;
			buildConfigurationList = D71C5396237F8EF1009FF41D /* Build configuration list for PBXNativeTarget "TestTests" */;
			buildPhases = (
				D71C537B237F8EF1009FF41D /* Sources */,
				D71C537C237F8EF1009FF41D /* Frameworks */,
				D71C537D237F8EF1009FF41D /* Resources */,
			);
			buildRules = (
			);
			dependencies = (
				D71C5381237F8EF1009FF41D /* PBXTargetDependency */,
			);
			name = TestTests;
			productName = TestTests;
			productReference = D71C537F237F8EF1009FF41D /* TestTests.xctest */;
			productType = "com.apple.product-type.bundle.unit-test";
		};
		D71C5389237F8EF1009FF41D /* TestUITests */ = {
			isa = PBXNativeTarget;
			buildConfigurationList = D71C5399237F8EF1009FF41D /* Build configuration list for PBXNativeTarget "TestUITests" */;
			buildPhases = (
				D71C5386237F8EF1009FF41D /* Sources */,
				D71C5387237F8EF1009FF41D /* Frameworks */,
				D71C5388237F8EF1009FF41D /* Resources */,
			);
			buildRules = (
			);
			dependencies = (
				D71C538C237F8EF1009FF41D /* PBXTargetDependency */,
			);
			name = TestUITests;
			productName = TestUITests;
			productReference = D71C538A237F8EF1009FF41D /* TestUITests.xctest */;
			productType = "com.apple.product-type.bundle.ui-testing";
		};
/* End PBXNativeTarget section */

/* Begin PBXProject section */
		D71C535C237F8EEF009FF41D /* Project object */ = {
			isa = PBXProject;
			attributes = {
				LastUpgradeCheck = 1100;
				ORGANIZATIONNAME = "Jessen hsu";
				TargetAttributes = {
					D71C5363237F8EEF009FF41D = {
						CreatedOnToolsVersion = 11.0;
					};
					D71C537E237F8EF1009FF41D = {
						CreatedOnToolsVersion = 11.0;
						TestTargetID = D71C5363237F8EEF009FF41D;
					};
					D71C5389237F8EF1009FF41D = {
						CreatedOnToolsVersion = 11.0;
						TestTargetID = D71C5363237F8EEF009FF41D;
					};
				};
			};
			buildConfigurationList = D71C535F237F8EEF009FF41D /* Build configuration list for PBXProject "Test" */;
			compatibilityVersion = "Xcode 9.3";
			developmentRegion = en;
			hasScannedForEncodings = 0;
			knownRegions = (
				en,
				Base,
			);
			mainGroup = D71C535B237F8EEF009FF41D;
			productRefGroup = D71C5365237F8EEF009FF41D /* Products */;
			projectDirPath = "";
			projectRoot = "";
			targets = (
				D71C5363237F8EEF009FF41D /* Test */,
				D71C537E237F8EF1009FF41D /* TestTests */,
				D71C5389237F8EF1009FF41D /* TestUITests */,
			);
		};
/* End PBXProject section */

/* Begin PBXResourcesBuildPhase section */
		D71C5362237F8EEF009FF41D /* Resources */ = {
			isa = PBXResourcesBuildPhase;
			buildActionMask = 2147483647;
			files = (
				D7CCAB9C2380AC9D00C16BE2 /* Info.plist in Resources */,
				D71C5377237F8EF1009FF41D /* LaunchScreen.storyboard in Resources */,
				D71C5374237F8EF1009FF41D /* Assets.xcassets in Resources */,
				D71C5372237F8EEF009FF41D /* Main.storyboard in Resources */,
			);
			runOnlyForDeploymentPostprocessing = 0;
		};
		D71C537D237F8EF1009FF41D /* Resources */ = {
			isa = PBXResourcesBuildPhase;
			buildActionMask = 2147483647;
			files = (
			);
			runOnlyForDeploymentPostprocessing = 0;
		};
		D71C5388237F8EF1009FF41D /* Resources */ = {
			isa = PBXResourcesBuildPhase;
			buildActionMask = 2147483647;
			files = (
			);
			runOnlyForDeploymentPostprocessing = 0;
		};
/* End PBXResourcesBuildPhase section */

/* Begin PBXSourcesBuildPhase section */
		D71C5360237F8EEF009FF41D /* Sources */ = {
			isa = PBXSourcesBuildPhase;
			buildActionMask = 2147483647;
			files = (
				D76EFCDD237FEE290022553C /* SmallTableViewCell.m in Sources */,
				D71C5369237F8EEF009FF41D /* AppDelegate.m in Sources */,
				D7CCAB972380AC9D00C16BE2 /* NSArray+MASAdditions.m in Sources */,
				D71C537A237F8EF1009FF41D /* main.m in Sources */,
				D7CCAB982380AC9D00C16BE2 /* View+MASAdditions.m in Sources */,
				D7CCAB922380AC9D00C16BE2 /* NSLayoutConstraint+MASDebugAdditions.m in Sources */,
				D7CCAB942380AC9D00C16BE2 /* MASCompositeConstraint.m in Sources */,
				D7F56969237FD9CB0022053B /* SmallView.m in Sources */,
				D7CCAB932380AC9D00C16BE2 /* ViewController+MASAdditions.m in Sources */,
				D7CCAB9B2380AC9D00C16BE2 /* MASViewAttribute.m in Sources */,
				D7CCAB9A2380AC9D00C16BE2 /* MASViewConstraint.m in Sources */,
				D7F5696C237FDEBF0022053B /* PullView.m in Sources */,
				D7CCAB952380AC9D00C16BE2 /* MASConstraintMaker.m in Sources */,
				D7F56966237FD2E10022053B /* FirstViewController.m in Sources */,
				D7CCAB962380AC9D00C16BE2 /* MASLayoutConstraint.m in Sources */,
				D7F5696F237FE4E80022053B /* MapView.m in Sources */,
				D71C536C237F8EEF009FF41D /* SceneDelegate.m in Sources */,
				D7CCAB992380AC9D00C16BE2 /* MASConstraint.m in Sources */,
				D7F56960237FCEF70022053B /* MainViewController.m in Sources */,
			);
			runOnlyForDeploymentPostprocessing = 0;
		};
		D71C537B237F8EF1009FF41D /* Sources */ = {
			isa = PBXSourcesBuildPhase;
			buildActionMask = 2147483647;
			files = (
				D71C5384237F8EF1009FF41D /* TestTests.m in Sources */,
			);
			runOnlyForDeploymentPostprocessing = 0;
		};
		D71C5386237F8EF1009FF41D /* Sources */ = {
			isa = PBXSourcesBuildPhase;
			buildActionMask = 2147483647;
			files = (
				D71C538F237F8EF1009FF41D /* TestUITests.m in Sources */,
			);
			runOnlyForDeploymentPostprocessing = 0;
		};
/* End PBXSourcesBuildPhase section */

/* Begin PBXTargetDependency section */
		D71C5381237F8EF1009FF41D /* PBXTargetDependency */ = {
			isa = PBXTargetDependency;
			target = D71C5363237F8EEF009FF41D /* Test */;
			targetProxy = D71C5380237F8EF1009FF41D /* PBXContainerItemProxy */;
		};
		D71C538C237F8EF1009FF41D /* PBXTargetDependency */ = {
			isa = PBXTargetDependency;
			target = D71C5363237F8EEF009FF41D /* Test */;
			targetProxy = D71C538B237F8EF1009FF41D /* PBXContainerItemProxy */;
		};
/* End PBXTargetDependency section */

/* Begin PBXVariantGroup section */
		D71C5370237F8EEF009FF41D /* Main.storyboard */ = {
			isa = PBXVariantGroup;
			children = (
				D71C5371237F8EEF009FF41D /* Base */,
			);
			name = Main.storyboard;
			sourceTree = "<group>";
		};
		D71C5375237F8EF1009FF41D /* LaunchScreen.storyboard */ = {
			isa = PBXVariantGroup;
			children = (
				D71C5376237F8EF1009FF41D /* Base */,
			);
			name = LaunchScreen.storyboard;
			sourceTree = "<group>";
		};
/* End PBXVariantGroup section */

/* Begin XCBuildConfiguration section */
		D71C5391237F8EF1009FF41D /* Debug */ = {
			isa = XCBuildConfiguration;
			buildSettings = {
				ALWAYS_SEARCH_USER_PATHS = NO;
				CLANG_ANALYZER_NONNULL = YES;
				CLANG_ANALYZER_NUMBER_OBJECT_CONVERSION = YES_AGGRESSIVE;
				CLANG_CXX_LANGUAGE_STANDARD = "gnu++14";
				CLANG_CXX_LIBRARY = "libc++";
				CLANG_ENABLE_MODULES = YES;
				CLANG_ENABLE_OBJC_ARC = YES;
				CLANG_ENABLE_OBJC_WEAK = YES;
				CLANG_WARN_BLOCK_CAPTURE_AUTORELEASING = YES;
				CLANG_WARN_BOOL_CONVERSION = YES;
				CLANG_WARN_COMMA = YES;
				CLANG_WARN_CONSTANT_CONVERSION = YES;
				CLANG_WARN_DEPRECATED_OBJC_IMPLEMENTATIONS = YES;
				CLANG_WARN_DIRECT_OBJC_ISA_USAGE = YES_ERROR;
				CLANG_WARN_DOCUMENTATION_COMMENTS = YES;
				CLANG_WARN_EMPTY_BODY = YES;
				CLANG_WARN_ENUM_CONVERSION = YES;
				CLANG_WARN_INFINITE_RECURSION = YES;
				CLANG_WARN_INT_CONVERSION = YES;
				CLANG_WARN_NON_LITERAL_NULL_CONVERSION = YES;
				CLANG_WARN_OBJC_IMPLICIT_RETAIN_SELF = YES;
				CLANG_WARN_OBJC_LITERAL_CONVERSION = YES;
				CLANG_WARN_OBJC_ROOT_CLASS = YES_ERROR;
				CLANG_WARN_RANGE_LOOP_ANALYSIS = YES;
				CLANG_WARN_STRICT_PROTOTYPES = YES;
				CLANG_WARN_SUSPICIOUS_MOVE = YES;
				CLANG_WARN_UNGUARDED_AVAILABILITY = YES_AGGRESSIVE;
				CLANG_WARN_UNREACHABLE_CODE = YES;
				CLANG_WARN__DUPLICATE_METHOD_MATCH = YES;
				COPY_PHASE_STRIP = NO;
				DEBUG_INFORMATION_FORMAT = dwarf;
				ENABLE_STRICT_OBJC_MSGSEND = YES;
				ENABLE_TESTABILITY = YES;
				GCC_C_LANGUAGE_STANDARD = gnu11;
				GCC_DYNAMIC_NO_PIC = NO;
				GCC_NO_COMMON_BLOCKS = YES;
				GCC_OPTIMIZATION_LEVEL = 0;
				GCC_PREPROCESSOR_DEFINITIONS = (
					"DEBUG=1",
					"$(inherited)",
				);
				GCC_WARN_64_TO_32_BIT_CONVERSION = YES;
				GCC_WARN_ABOUT_RETURN_TYPE = YES_ERROR;
				GCC_WARN_UNDECLARED_SELECTOR = YES;
				GCC_WARN_UNINITIALIZED_AUTOS = YES_AGGRESSIVE;
				GCC_WARN_UNUSED_FUNCTION = YES;
				GCC_WARN_UNUSED_VARIABLE = YES;
				IPHONEOS_DEPLOYMENT_TARGET = 13.0;
				MTL_ENABLE_DEBUG_INFO = INCLUDE_SOURCE;
				MTL_FAST_MATH = YES;
				ONLY_ACTIVE_ARCH = YES;
				SDKROOT = iphoneos;
			};
			name = Debug;
		};
		D71C5392237F8EF1009FF41D /* Release */ = {
			isa = XCBuildConfiguration;
			buildSettings = {
				ALWAYS_SEARCH_USER_PATHS = NO;
				CLANG_ANALYZER_NONNULL = YES;
				CLANG_ANALYZER_NUMBER_OBJECT_CONVERSION = YES_AGGRESSIVE;
				CLANG_CXX_LANGUAGE_STANDARD = "gnu++14";
				CLANG_CXX_LIBRARY = "libc++";
				CLANG_ENABLE_MODULES = YES;
				CLANG_ENABLE_OBJC_ARC = YES;
				CLANG_ENABLE_OBJC_WEAK = YES;
				CLANG_WARN_BLOCK_CAPTURE_AUTORELEASING = YES;
				CLANG_WARN_BOOL_CONVERSION = YES;
				CLANG_WARN_COMMA = YES;
				CLANG_WARN_CONSTANT_CONVERSION = YES;
				CLANG_WARN_DEPRECATED_OBJC_IMPLEMENTATIONS = YES;
				CLANG_WARN_DIRECT_OBJC_ISA_USAGE = YES_ERROR;
				CLANG_WARN_DOCUMENTATION_COMMENTS = YES;
				CLANG_WARN_EMPTY_BODY = YES;
				CLANG_WARN_ENUM_CONVERSION = YES;
				CLANG_WARN_INFINITE_RECURSION = YES;
				CLANG_WARN_INT_CONVERSION = YES;
				CLANG_WARN_NON_LITERAL_NULL_CONVERSION = YES;
				CLANG_WARN_OBJC_IMPLICIT_RETAIN_SELF = YES;
				CLANG_WARN_OBJC_LITERAL_CONVERSION = YES;
				CLANG_WARN_OBJC_ROOT_CLASS = YES_ERROR;
				CLANG_WARN_RANGE_LOOP_ANALYSIS = YES;
				CLANG_WARN_STRICT_PROTOTYPES = YES;
				CLANG_WARN_SUSPICIOUS_MOVE = YES;
				CLANG_WARN_UNGUARDED_AVAILABILITY = YES_AGGRESSIVE;
				CLANG_WARN_UNREACHABLE_CODE = YES;
				CLANG_WARN__DUPLICATE_METHOD_MATCH = YES;
				COPY_PHASE_STRIP = NO;
				DEBUG_INFORMATION_FORMAT = "dwarf-with-dsym";
				ENABLE_NS_ASSERTIONS = NO;
				ENABLE_STRICT_OBJC_MSGSEND = YES;
				GCC_C_LANGUAGE_STANDARD = gnu11;
				GCC_NO_COMMON_BLOCKS = YES;
				GCC_WARN_64_TO_32_BIT_CONVERSION = YES;
				GCC_WARN_ABOUT_RETURN_TYPE = YES_ERROR;
				GCC_WARN_UNDECLARED_SELECTOR = YES;
				GCC_WARN_UNINITIALIZED_AUTOS = YES_AGGRESSIVE;
				GCC_WARN_UNUSED_FUNCTION = YES;
				GCC_WARN_UNUSED_VARIABLE = YES;
				IPHONEOS_DEPLOYMENT_TARGET = 13.0;
				MTL_ENABLE_DEBUG_INFO = NO;
				MTL_FAST_MATH = YES;
				SDKROOT = iphoneos;
				VALIDATE_PRODUCT = YES;
			};
			name = Release;
		};
		D71C5394237F8EF1009FF41D /* Debug */ = {
			isa = XCBuildConfiguration;
			buildSettings = {
				ASSETCATALOG_COMPILER_APPICON_NAME = AppIcon;
				CODE_SIGN_STYLE = Automatic;
				DEVELOPMENT_TEAM = A4NJK3779A;
				INFOPLIST_FILE = Test/Info.plist;
				LD_RUNPATH_SEARCH_PATHS = (
					"$(inherited)",
					"@executable_path/Frameworks",
				);
				PRODUCT_BUNDLE_IDENTIFIER = com.yourcompany.Test.Test;
				PRODUCT_NAME = "$(TARGET_NAME)";
				TARGETED_DEVICE_FAMILY = "1,2";
			};
			name = Debug;
		};
		D71C5395237F8EF1009FF41D /* Release */ = {
			isa = XCBuildConfiguration;
			buildSettings = {
				ASSETCATALOG_COMPILER_APPICON_NAME = AppIcon;
				CODE_SIGN_STYLE = Automatic;
				DEVELOPMENT_TEAM = A4NJK3779A;
				INFOPLIST_FILE = Test/Info.plist;
				LD_RUNPATH_SEARCH_PATHS = (
					"$(inherited)",
					"@executable_path/Frameworks",
				);
				PRODUCT_BUNDLE_IDENTIFIER = com.yourcompany.Test.Test;
				PRODUCT_NAME = "$(TARGET_NAME)";
				TARGETED_DEVICE_FAMILY = "1,2";
			};
			name = Release;
		};
		D71C5397237F8EF1009FF41D /* Debug */ = {
			isa = XCBuildConfiguration;
			buildSettings = {
				BUNDLE_LOADER = "$(TEST_HOST)";
				CODE_SIGN_STYLE = Automatic;
				DEVELOPMENT_TEAM = A4NJK3779A;
				INFOPLIST_FILE = TestTests/Info.plist;
				IPHONEOS_DEPLOYMENT_TARGET = 13.0;
				LD_RUNPATH_SEARCH_PATHS = (
					"$(inherited)",
					"@executable_path/Frameworks",
					"@loader_path/Frameworks",
				);
				PRODUCT_BUNDLE_IDENTIFIER = com.yourcompany.Test.TestTests;
				PRODUCT_NAME = "$(TARGET_NAME)";
				TARGETED_DEVICE_FAMILY = "1,2";
				TEST_HOST = "$(BUILT_PRODUCTS_DIR)/Test.app/Test";
			};
			name = Debug;
		};
		D71C5398237F8EF1009FF41D /* Release */ = {
			isa = XCBuildConfiguration;
			buildSettings = {
				BUNDLE_LOADER = "$(TEST_HOST)";
				CODE_SIGN_STYLE = Automatic;
				DEVELOPMENT_TEAM = A4NJK3779A;
				INFOPLIST_FILE = TestTests/Info.plist;
				IPHONEOS_DEPLOYMENT_TARGET = 13.0;
				LD_RUNPATH_SEARCH_PATHS = (
					"$(inherited)",
					"@executable_path/Frameworks",
					"@loader_path/Frameworks",
				);
				PRODUCT_BUNDLE_IDENTIFIER = com.yourcompany.Test.TestTests;
				PRODUCT_NAME = "$(TARGET_NAME)";
				TARGETED_DEVICE_FAMILY = "1,2";
				TEST_HOST = "$(BUILT_PRODUCTS_DIR)/Test.app/Test";
			};
			name = Release;
		};
		D71C539A237F8EF1009FF41D /* Debug */ = {
			isa = XCBuildConfiguration;
			buildSettings = {
				CODE_SIGN_STYLE = Automatic;
				DEVELOPMENT_TEAM = A4NJK3779A;
				INFOPLIST_FILE = TestUITests/Info.plist;
				LD_RUNPATH_SEARCH_PATHS = (
					"$(inherited)",
					"@executable_path/Frameworks",
					"@loader_path/Frameworks",
				);
				PRODUCT_BUNDLE_IDENTIFIER = com.yourcompany.Test.TestUITests;
				PRODUCT_NAME = "$(TARGET_NAME)";
				TARGETED_DEVICE_FAMILY = "1,2";
				TEST_TARGET_NAME = Test;
			};
			name = Debug;
		};
		D71C539B237F8EF1009FF41D /* Release */ = {
			isa = XCBuildConfiguration;
			buildSettings = {
				CODE_SIGN_STYLE = Automatic;
				DEVELOPMENT_TEAM = A4NJK3779A;
				INFOPLIST_FILE = TestUITests/Info.plist;
				LD_RUNPATH_SEARCH_PATHS = (
					"$(inherited)",
					"@executable_path/Frameworks",
					"@loader_path/Frameworks",
				);
				PRODUCT_BUNDLE_IDENTIFIER = com.yourcompany.Test.TestUITests;
				PRODUCT_NAME = "$(TARGET_NAME)";
				TARGETED_DEVICE_FAMILY = "1,2";
				TEST_TARGET_NAME = Test;
			};
			name = Release;
		};
/* End XCBuildConfiguration section */

/* Begin XCConfigurationList section */
		D71C535F237F8EEF009FF41D /* Build configuration list for PBXProject "Test" */ = {
			isa = XCConfigurationList;
			buildConfigurations = (
				D71C5391237F8EF1009FF41D /* Debug */,
				D71C5392237F8EF1009FF41D /* Release */,
			);
			defaultConfigurationIsVisible = 0;
			defaultConfigurationName = Release;
		};
		D71C5393237F8EF1009FF41D /* Build configuration list for PBXNativeTarget "Test" */ = {
			isa = XCConfigurationList;
			buildConfigurations = (
				D71C5394237F8EF1009FF41D /* Debug */,
				D71C5395237F8EF1009FF41D /* Release */,
			);
			defaultConfigurationIsVisible = 0;
			defaultConfigurationName = Release;
		};
		D71C5396237F8EF1009FF41D /* Build configuration list for PBXNativeTarget "TestTests" */ = {
			isa = XCConfigurationList;
			buildConfigurations = (
				D71C5397237F8EF1009FF41D /* Debug */,
				D71C5398237F8EF1009FF41D /* Release */,
			);
			defaultConfigurationIsVisible = 0;
			defaultConfigurationName = Release;
		};
		D71C5399237F8EF1009FF41D /* Build configuration list for PBXNativeTarget "TestUITests" */ = {
			isa = XCConfigurationList;
			buildConfigurations = (
				D71C539A237F8EF1009FF41D /* Debug */,
				D71C539B237F8EF1009FF41D /* Release */,
			);
			defaultConfigurationIsVisible = 0;
			defaultConfigurationName = Release;
		};
/* End XCConfigurationList section */
	};
	rootObject = D71C535C237F8EEF009FF41D /* Project object */;
}
